
Microsoft Visual Studio Solution File, Format Version 12.00
# Visual Studio Version 16
VisualStudioVersion = 16.0.30225.117
MinimumVisualStudioVersion = 10.0.40219.1
Project("{FAE04EC0-301F-11D3-BF4B-00C04F79EFBC}") = "Prezentacja", "Prezentacja\Prezentacja.csproj", "{42919B9D-95D2-46BF-82CE-540E130F2D2E}"
EndProject
Project("{FAE04EC0-301F-11D3-BF4B-00C04F79EFBC}") = "Model", "Model\Model.csproj", "{CA11C041-12D3-49FF-AC87-B07DD34BD9B5}"
EndProject
Global
	GlobalSection(SolutionConfigurationPlatforms) = preSolution
		Debug|Any CPU = Debug|Any CPU
		Release|Any CPU = Release|Any CPU
	EndGlobalSection
	GlobalSection(ProjectConfigurationPlatforms) = postSolution
		{42919B9D-95D2-46BF-82CE-540E130F2D2E}.Debug|Any CPU.ActiveCfg = Debug|Any CPU
		{42919B9D-95D2-46BF-82CE-540E130F2D2E}.Debug|Any CPU.Build.0 = Debug|Any CPU
		{42919B9D-95D2-46BF-82CE-540E130F2D2E}.Release|Any CPU.ActiveCfg = Release|Any CPU
		{42919B9D-95D2-46BF-82CE-540E130F2D2E}.Release|Any CPU.Build.0 = Release|Any CPU
		{CA11C041-12D3-49FF-AC87-B07DD34BD9B5}.Debug|Any CPU.ActiveCfg = Debug|Any CPU
		{CA11C041-12D3-49FF-AC87-B07DD34BD9B5}.Debug|Any CPU.Build.0 = Debug|Any CPU
		{CA11C041-12D3-49FF-AC87-B07DD34BD9B5}.Release|Any CPU.ActiveCfg = Release|Any CPU
		{CA11C041-12D3-49FF-AC87-B07DD34BD9B5}.Release|Any CPU.Build.0 = Release|Any CPU
	EndGlobalSection
	GlobalSection(SolutionProperties) = preSolution
		HideSolutionNode = FALSE
	EndGlobalSection
	GlobalSection(ExtensibilityGlobals) = postSolution
		SolutionGuid = {3F88F2E6-9EF8-42E9-B440-222FF94097D6}
	EndGlobalSection
EndGlobal
